
Microsoft Visual Studio Solution File, Format Version 12.00
# Visual Studio Version 17
VisualStudioVersion = 17.7.34202.233
MinimumVisualStudioVersion = 10.0.40219.1
Project("{8BC9CEB8-8B4A-11D0-8D11-00A0C91BC942}") = "DummyClient", "DummyClient\DummyClient.vcxproj", "{18C6A7D2-C8A4-4D0E-B27D-B50AD0DF3269}"
EndProject
Project("{8BC9CEB8-8B4A-11D0-8D11-00A0C91BC942}") = "ServerCore", "ServerCore\ServerCore.vcxproj", "{7B8FC093-7303-43CA-818B-35C27FC965B2}"
EndProject
Project("{2150E333-8FDC-42A3-9474-1A3956D46DE8}") = "Tools", "Tools", "{D4C04765-9F4C-406D-8C59-61EF02EDC91D}"
EndProject
Project("{888888A0-9F3D-457C-B088-3A5042F75D52}") = "PacketGenerator", "Tools\PacketGenerator\PacketGenerator.pyproj", "{8D997999-D791-42DC-8DB3-CC7945D36A7E}"
EndProject
Project("{8BC9CEB8-8B4A-11D0-8D11-00A0C91BC942}") = "ServerExample", "ServerExample\ServerExample.vcxproj", "{C9FE3A09-ACA2-4587-B1F9-2F281791D37C}"
EndProject
Global
	GlobalSection(SolutionConfigurationPlatforms) = preSolution
		Debug|Any CPU = Debug|Any CPU
		Debug|x64 = Debug|x64
		Debug|x86 = Debug|x86
		Release|Any CPU = Release|Any CPU
		Release|x64 = Release|x64
		Release|x86 = Release|x86
	EndGlobalSection
	GlobalSection(ProjectConfigurationPlatforms) = postSolution
		{18C6A7D2-C8A4-4D0E-B27D-B50AD0DF3269}.Debug|Any CPU.ActiveCfg = Debug|x64
		{18C6A7D2-C8A4-4D0E-B27D-B50AD0DF3269}.Debug|Any CPU.Build.0 = Debug|x64
		{18C6A7D2-C8A4-4D0E-B27D-B50AD0DF3269}.Debug|x64.ActiveCfg = Debug|x64
		{18C6A7D2-C8A4-4D0E-B27D-B50AD0DF3269}.Debug|x64.Build.0 = Debug|x64
		{18C6A7D2-C8A4-4D0E-B27D-B50AD0DF3269}.Debug|x86.ActiveCfg = Debug|Win32
		{18C6A7D2-C8A4-4D0E-B27D-B50AD0DF3269}.Debug|x86.Build.0 = Debug|Win32
		{18C6A7D2-C8A4-4D0E-B27D-B50AD0DF3269}.Release|Any CPU.ActiveCfg = Release|x64
		{18C6A7D2-C8A4-4D0E-B27D-B50AD0DF3269}.Release|Any CPU.Build.0 = Release|x64
		{18C6A7D2-C8A4-4D0E-B27D-B50AD0DF3269}.Release|x64.ActiveCfg = Release|x64
		{18C6A7D2-C8A4-4D0E-B27D-B50AD0DF3269}.Release|x64.Build.0 = Release|x64
		{18C6A7D2-C8A4-4D0E-B27D-B50AD0DF3269}.Release|x86.ActiveCfg = Release|Win32
		{18C6A7D2-C8A4-4D0E-B27D-B50AD0DF3269}.Release|x86.Build.0 = Release|Win32
		{7B8FC093-7303-43CA-818B-35C27FC965B2}.Debug|Any CPU.ActiveCfg = Debug|x64
		{7B8FC093-7303-43CA-818B-35C27FC965B2}.Debug|Any CPU.Build.0 = Debug|x64
		{7B8FC093-7303-43CA-818B-35C27FC965B2}.Debug|x64.ActiveCfg = Debug|x64
		{7B8FC093-7303-43CA-818B-35C27FC965B2}.Debug|x64.Build.0 = Debug|x64
		{7B8FC093-7303-43CA-818B-35C27FC965B2}.Debug|x86.ActiveCfg = Debug|Win32
		{7B8FC093-7303-43CA-818B-35C27FC965B2}.Debug|x86.Build.0 = Debug|Win32
		{7B8FC093-7303-43CA-818B-35C27FC965B2}.Release|Any CPU.ActiveCfg = Release|x64
		{7B8FC093-7303-43CA-818B-35C27FC965B2}.Release|Any CPU.Build.0 = Release|x64
		{7B8FC093-7303-43CA-818B-35C27FC965B2}.Release|x64.ActiveCfg = Release|x64
		{7B8FC093-7303-43CA-818B-35C27FC965B2}.Release|x64.Build.0 = Release|x64
		{7B8FC093-7303-43CA-818B-35C27FC965B2}.Release|x86.ActiveCfg = Release|Win32
		{7B8FC093-7303-43CA-818B-35C27FC965B2}.Release|x86.Build.0 = Release|Win32
		{8D997999-D791-42DC-8DB3-CC7945D36A7E}.Debug|Any CPU.ActiveCfg = Debug|Any CPU
		{8D997999-D791-42DC-8DB3-CC7945D36A7E}.Debug|x64.ActiveCfg = Debug|Any CPU
		{8D997999-D791-42DC-8DB3-CC7945D36A7E}.Debug|x86.ActiveCfg = Debug|Any CPU
		{8D997999-D791-42DC-8DB3-CC7945D36A7E}.Release|Any CPU.ActiveCfg = Release|Any CPU
		{8D997999-D791-42DC-8DB3-CC7945D36A7E}.Release|x64.ActiveCfg = Release|Any CPU
		{8D997999-D791-42DC-8DB3-CC7945D36A7E}.Release|x86.ActiveCfg = Release|Any CPU
		{C9FE3A09-ACA2-4587-B1F9-2F281791D37C}.Debug|Any CPU.ActiveCfg = Debug|x64
		{C9FE3A09-ACA2-4587-B1F9-2F281791D37C}.Debug|Any CPU.Build.0 = Debug|x64
		{C9FE3A09-ACA2-4587-B1F9-2F281791D37C}.Debug|x64.ActiveCfg = Debug|x64
		{C9FE3A09-ACA2-4587-B1F9-2F281791D37C}.Debug|x64.Build.0 = Debug|x64
		{C9FE3A09-ACA2-4587-B1F9-2F281791D37C}.Debug|x86.ActiveCfg = Debug|Win32
		{C9FE3A09-ACA2-4587-B1F9-2F281791D37C}.Debug|x86.Build.0 = Debug|Win32
		{C9FE3A09-ACA2-4587-B1F9-2F281791D37C}.Release|Any CPU.ActiveCfg = Release|x64
		{C9FE3A09-ACA2-4587-B1F9-2F281791D37C}.Release|Any CPU.Build.0 = Release|x64
		{C9FE3A09-ACA2-4587-B1F9-2F281791D37C}.Release|x64.ActiveCfg = Release|x64
		{C9FE3A09-ACA2-4587-B1F9-2F281791D37C}.Release|x64.Build.0 = Release|x64
		{C9FE3A09-ACA2-4587-B1F9-2F281791D37C}.Release|x86.ActiveCfg = Release|Win32
		{C9FE3A09-ACA2-4587-B1F9-2F281791D37C}.Release|x86.Build.0 = Release|Win32
	EndGlobalSection
	GlobalSection(SolutionProperties) = preSolution
		HideSolutionNode = FALSE
	EndGlobalSection
	GlobalSection(NestedProjects) = preSolution
		{8D997999-D791-42DC-8DB3-CC7945D36A7E} = {D4C04765-9F4C-406D-8C59-61EF02EDC91D}
	EndGlobalSection
	GlobalSection(ExtensibilityGlobals) = postSolution
		SolutionGuid = {F8636BE0-CFC0-41FA-94EA-DBDBBBFEA7C0}
	EndGlobalSection
EndGlobal
